<Solution>
  <Project Path="DeltaZulu.Relp/DeltaZulu.Relp.csproj" />
  <Project Path="DeltaZulu.Relp.Tests/DeltaZulu.Relp.Tests.csproj" />
  <Project Path="../examples/DeltaZulu.Relp.Examples.Client/DeltaZulu.Relp.Examples.Client.csproj" />
  <Project Path="../examples/DeltaZulu.Relp.Examples.Server/DeltaZulu.Relp.Examples.Server.csproj" />
</Solution>
